
Microsoft Visual Studio Solution File, Format Version 12.00
# Visual Studio Version 17
VisualStudioVersion = 17.7.34221.43
MinimumVisualStudioVersion = 10.0.40219.1
Project("{FAE04EC0-301F-11D3-BF4B-00C04F79EFBC}") = "CheckPointNr2", "CheckPointNr2\CheckPointNr2.csproj", "{D2EDA0AE-8808-48D5-9C56-FF7DF8A45726}"
EndProject
Global
	GlobalSection(SolutionConfigurationPlatforms) = preSolution
		Debug|Any CPU = Debug|Any CPU
		Release|Any CPU = Release|Any CPU
	EndGlobalSection
	GlobalSection(ProjectConfigurationPlatforms) = postSolution
		{D2EDA0AE-8808-48D5-9C56-FF7DF8A45726}.Debug|Any CPU.ActiveCfg = Debug|Any CPU
		{D2EDA0AE-8808-48D5-9C56-FF7DF8A45726}.Debug|Any CPU.Build.0 = Debug|Any CPU
		{D2EDA0AE-8808-48D5-9C56-FF7DF8A45726}.Release|Any CPU.ActiveCfg = Release|Any CPU
		{D2EDA0AE-8808-48D5-9C56-FF7DF8A45726}.Release|Any CPU.Build.0 = Release|Any CPU
	EndGlobalSection
	GlobalSection(SolutionProperties) = preSolution
		HideSolutionNode = FALSE
	EndGlobalSection
	GlobalSection(ExtensibilityGlobals) = postSolution
		SolutionGuid = {D4714749-62F8-465E-8E27-0B8CC8909218}
	EndGlobalSection
EndGlobal
